Microsoft Visual Studio Solution File, Format Version 12.00
# Visual Studio Version 17
VisualStudioVersion = 17.13.35828.75
MinimumVisualStudioVersion = 10.0.40219.1
Project("{FAE04EC0-301F-11D3-BF4B-00C04F79EFBC}") = "Recipe Manager", "Recipe Manager\Recipe Manager.csproj", "{10396311-F8E0-4F52-AAF2-CE821F40033F}"
EndProject
Global
	GlobalSection(SolutionConfigurationPlatforms) = preSolution
		Debug|Any CPU = Debug|Any CPU
		Release|Any CPU = Release|Any CPU
	EndGlobalSection
	GlobalSection(ProjectConfigurationPlatforms) = postSolution
		{10396311-F8E0-4F52-AAF2-CE821F40033F}.Debug|Any CPU.ActiveCfg = Debug|Any CPU
		{10396311-F8E0-4F52-AAF2-CE821F40033F}.Debug|Any CPU.Build.0 = Debug|Any CPU
		{10396311-F8E0-4F52-AAF2-CE821F40033F}.Release|Any CPU.ActiveCfg = Release|Any CPU
		{10396311-F8E0-4F52-AAF2-CE821F40033F}.Release|Any CPU.Build.0 = Release|Any CPU
	EndGlobalSection
	GlobalSection(SolutionProperties) = preSolution
		HideSolutionNode = FALSE
	EndGlobalSection
	GlobalSection(ExtensibilityGlobals) = postSolution
		SolutionGuid = {0D83C145-9A58-4A12-9203-C419118D0CC9}
	EndGlobalSection
EndGlobal
